
Microsoft Visual Studio Solution File, Format Version 12.00
# Visual Studio 2012
Project("{FAE04EC0-301F-11D3-BF4B-00C04F79EFBC}") = "QMSAPI_Manage", "QMSAPI_Manage\QMSAPI_Manage.csproj", "{B4E3902F-8369-48EB-95D7-9ACE1ECE467D}"
EndProject
Global
	GlobalSection(SolutionConfigurationPlatforms) = preSolution
		Debug|Any CPU = Debug|Any CPU
		Release|Any CPU = Release|Any CPU
	EndGlobalSection
	GlobalSection(ProjectConfigurationPlatforms) = postSolution
		{B4E3902F-8369-48EB-95D7-9ACE1ECE467D}.Debug|Any CPU.ActiveCfg = Debug|Any CPU
		{B4E3902F-8369-48EB-95D7-9ACE1ECE467D}.Debug|Any CPU.Build.0 = Debug|Any CPU
		{B4E3902F-8369-48EB-95D7-9ACE1ECE467D}.Release|Any CPU.ActiveCfg = Release|Any CPU
		{B4E3902F-8369-48EB-95D7-9ACE1ECE467D}.Release|Any CPU.Build.0 = Release|Any CPU
	EndGlobalSection
	GlobalSection(SolutionProperties) = preSolution
		HideSolutionNode = FALSE
	EndGlobalSection
EndGlobal
